
Microsoft Visual Studio Solution File, Format Version 12.00
# Visual Studio 15
VisualStudioVersion = 15.0.27703.2018
MinimumVisualStudioVersion = 10.0.40219.1
Project("{FAE04EC0-301F-11D3-BF4B-00C04F79EFBC}") = "Vistas", "Vistas\Vistas.csproj", "{410F03CD-5125-4857-BA28-68ECB97D3BDB}"
EndProject
Project("{FAE04EC0-301F-11D3-BF4B-00C04F79EFBC}") = "LogicaNegocio", "LogicaNegocio\LogicaNegocio.csproj", "{F30E779A-B167-4E26-A91D-C84E696ADBC7}"
EndProject
Global
	GlobalSection(SolutionConfigurationPlatforms) = preSolution
		Debug|Any CPU = Debug|Any CPU
		Release|Any CPU = Release|Any CPU
	EndGlobalSection
	GlobalSection(ProjectConfigurationPlatforms) = postSolution
		{410F03CD-5125-4857-BA28-68ECB97D3BDB}.Debug|Any CPU.ActiveCfg = Debug|Any CPU
		{410F03CD-5125-4857-BA28-68ECB97D3BDB}.Debug|Any CPU.Build.0 = Debug|Any CPU
		{410F03CD-5125-4857-BA28-68ECB97D3BDB}.Release|Any CPU.ActiveCfg = Release|Any CPU
		{410F03CD-5125-4857-BA28-68ECB97D3BDB}.Release|Any CPU.Build.0 = Release|Any CPU
		{F30E779A-B167-4E26-A91D-C84E696ADBC7}.Debug|Any CPU.ActiveCfg = Debug|Any CPU
		{F30E779A-B167-4E26-A91D-C84E696ADBC7}.Debug|Any CPU.Build.0 = Debug|Any CPU
		{F30E779A-B167-4E26-A91D-C84E696ADBC7}.Release|Any CPU.ActiveCfg = Release|Any CPU
		{F30E779A-B167-4E26-A91D-C84E696ADBC7}.Release|Any CPU.Build.0 = Release|Any CPU
	EndGlobalSection
	GlobalSection(SolutionProperties) = preSolution
		HideSolutionNode = FALSE
	EndGlobalSection
	GlobalSection(ExtensibilityGlobals) = postSolution
		SolutionGuid = {728728CE-73AA-4525-995A-426837A0F915}
	EndGlobalSection
EndGlobal
