
Microsoft Visual Studio Solution File, Format Version 12.00
# Visual Studio 15
VisualStudioVersion = 15.0.26228.12
MinimumVisualStudioVersion = 10.0.40219.1
Project("{FAE04EC0-301F-11D3-BF4B-00C04F79EFBC}") = "PresentacionExamen", "PresentacionExamen\PresentacionExamen.csproj", "{4435FB25-6A70-45DA-A5D8-184B354FB54D}"
EndProject
Project("{FAE04EC0-301F-11D3-BF4B-00C04F79EFBC}") = "Control", "Control\Control.csproj", "{0E030794-C6CD-4A42-8F44-FE5C0BF0AC2B}"
EndProject
Global
	GlobalSection(SolutionConfigurationPlatforms) = preSolution
		Debug|Any CPU = Debug|Any CPU
		Release|Any CPU = Release|Any CPU
	EndGlobalSection
	GlobalSection(ProjectConfigurationPlatforms) = postSolution
		{4435FB25-6A70-45DA-A5D8-184B354FB54D}.Debug|Any CPU.ActiveCfg = Debug|Any CPU
		{4435FB25-6A70-45DA-A5D8-184B354FB54D}.Debug|Any CPU.Build.0 = Debug|Any CPU
		{4435FB25-6A70-45DA-A5D8-184B354FB54D}.Release|Any CPU.ActiveCfg = Release|Any CPU
		{4435FB25-6A70-45DA-A5D8-184B354FB54D}.Release|Any CPU.Build.0 = Release|Any CPU
		{0E030794-C6CD-4A42-8F44-FE5C0BF0AC2B}.Debug|Any CPU.ActiveCfg = Debug|Any CPU
		{0E030794-C6CD-4A42-8F44-FE5C0BF0AC2B}.Debug|Any CPU.Build.0 = Debug|Any CPU
		{0E030794-C6CD-4A42-8F44-FE5C0BF0AC2B}.Release|Any CPU.ActiveCfg = Release|Any CPU
		{0E030794-C6CD-4A42-8F44-FE5C0BF0AC2B}.Release|Any CPU.Build.0 = Release|Any CPU
	EndGlobalSection
	GlobalSection(SolutionProperties) = preSolution
		HideSolutionNode = FALSE
	EndGlobalSection
EndGlobal
